
Microsoft Visual Studio Solution File, Format Version 12.00
# Visual Studio Version 16
VisualStudioVersion = 16.0.31321.278
MinimumVisualStudioVersion = 10.0.40219.1
Project("{FAE04EC0-301F-11D3-BF4B-00C04F79EFBC}") = "LestaAcademyWork1", "LestaAcademyWork1.csproj", "{20926601-CBA3-4066-8988-7A227E2AD884}"
EndProject
Global
	GlobalSection(SolutionConfigurationPlatforms) = preSolution
		Debug|Any CPU = Debug|Any CPU
		Release|Any CPU = Release|Any CPU
	EndGlobalSection
	GlobalSection(ProjectConfigurationPlatforms) = postSolution
		{20926601-CBA3-4066-8988-7A227E2AD884}.Debug|Any CPU.ActiveCfg = Debug|Any CPU
		{20926601-CBA3-4066-8988-7A227E2AD884}.Debug|Any CPU.Build.0 = Debug|Any CPU
		{20926601-CBA3-4066-8988-7A227E2AD884}.Release|Any CPU.ActiveCfg = Release|Any CPU
		{20926601-CBA3-4066-8988-7A227E2AD884}.Release|Any CPU.Build.0 = Release|Any CPU
	EndGlobalSection
	GlobalSection(SolutionProperties) = preSolution
		HideSolutionNode = FALSE
	EndGlobalSection
	GlobalSection(ExtensibilityGlobals) = postSolution
		SolutionGuid = {FF4B3AA1-39D9-46BF-A1F5-59F48153FC72}
	EndGlobalSection
EndGlobal
